github.com/codemodify/systemkit-appserver v1.7.9 h1:yrOyGbrfP3otwJqR800QngXnGxrNnLwoALVvTi4FYmk=
github.com/codemodify/systemkit-appserver v1.7.9/go.mod h1:VJBVIgxMncYBJYSC9GAK5heqEPxA/vFQRT4yeAND87k=
github.com/codemodify/systemkit-appserver-http v1.7.9 h1:7nZFEeonT+u4FAzMbNEcyyXHxgJumrV6jWX0+ye+W6E=
github.com/codemodify/systemkit-appserver-http v1.7.9/go.mod h1:5ktrZJNEqcHA+z+mmsjNhTBOZkD2v+eLR+uVFsuyRcs=
github.com/codemodify/systemkit-appserver-json v1.7.9 h1:WpLPnf6RBxTEAWy6nLLk6vgRuZtQzohKt1T5QRUt7Us=
github.com/codemodify/systemkit-appserver-json v1.7.9/go.mod h1:92Lm2F3Jn09c7pwMZG4V9UKR4C6S7QC3q7uPDc9cDXU=
github.com/codemodify/systemkit-appserver-mixed v1.7.9 h1:e6Oj6LANg7D6lR2QJPpvkEuGg9sifimBf7G1NmTw7VM=
github.com/codemodify/systemkit-appserver-mixed v1.7.9/go.mod h1:C1r8Ta3aChlLm8KA2G/xVhtNfg+KYGP5OWheXnKekMk=
github.com/codemodify/systemkit-appserver-websockets v1.7.9 h1:d3ulRvD6+1QLGj2QE09P77GEVvaQUgvZfj2RgzybPu0=
github.com/codemodify/systemkit-appserver-websockets v1.7.9/go.mod h1:iSU4XQQOO0A8aNIvAc92yP7tgPP3n+WVHqY5Opvrscg=
github.com/codemodify/systemkit-helpers-channels v1.7.9 h1:35Jcy2k42jyNK+YN4YlpcAAu3Q66KVy3CWNCpniqG4c=
github.com/codemodify/systemkit-helpers-channels v1.7.9/go.mod h1:8IcL2xCcLK+ZxnB+eo68nNzByBktWAUR+R8cBe8tuyc=
github.com/codemodify/systemkit-helpers-reflection v1.7.9 h1:vPsYvbOiEZHT+rpoXlRx14IvzsKEAkYy7Aw2QEjF/G0=
github.com/codemodify/systemkit-helpers-reflection v1.7.9/go.mod h1:HunZSrygIcl5IBmnWAYoDoqvFRVu7GIUvC0/scCfPzY=
github.com/codemodify/systemkit-logging v1.7.9 h1:cGJu0WSQ8IpBHT/VaiDBvulGtQxY6DE1OpQAeVb9Sr4=
github.com/codemodify/systemkit-logging v1.7.9/go.mod h1:29Zc9P/MnY2bgenJU9aoDszUef+Xf40b3ajtusTBC1Q=
github.com/gorilla/mux v1.7.4 h1:VuZ8uybHlWmqV03+zRzdwKL4tUnIp1MAQtp1mIFE1bc=
github.com/gorilla/mux v1.7.4/go.mod h1:DVbg23sWSpFRCP0SfiEN6jmj59UnW/n46BH5rLB71So=
github.com/gorilla/websocket v1.4.2 h1:+/TMaTYc4QFitKJxsQ7Yye35DkWvkdLcvGKqM+x0Ufc=
github.com/gorilla/websocket v1.4.2/go.mod h1:YR8l580nyteQvAITg2hZ9XVh4b55+EU/adAjf1fMHhE=
github.com/rs/cors v1.7.0 h1:+88SsELBHx5r+hZ8TCkggzSstaWNbDvThkVK8H6f9ik=
github.com/rs/cors v1.7.0/go.mod h1:gFx+x8UowdsKA9AchylcLynDq+nNFfI8FkUZdN/jGCU=
